
Microsoft Visual Studio Solution File, Format Version 12.00
# Visual Studio Version 17
VisualStudioVersion = 17.3.32929.385
MinimumVisualStudioVersion = 10.0.40219.1
Project("{FAE04EC0-301F-11D3-BF4B-00C04F79EFBC}") = "Rocky", "Rocky\Rocky.csproj", "{6B00907A-68A6-4FDE-B116-71CA012B671E}"
EndProject
Global
	GlobalSection(SolutionConfigurationPlatforms) = preSolution
		Debug|Any CPU = Debug|Any CPU
		Release|Any CPU = Release|Any CPU
	EndGlobalSection
	GlobalSection(ProjectConfigurationPlatforms) = postSolution
		{6B00907A-68A6-4FDE-B116-71CA012B671E}.Debug|Any CPU.ActiveCfg = Debug|Any CPU
		{6B00907A-68A6-4FDE-B116-71CA012B671E}.Debug|Any CPU.Build.0 = Debug|Any CPU
		{6B00907A-68A6-4FDE-B116-71CA012B671E}.Release|Any CPU.ActiveCfg = Release|Any CPU
		{6B00907A-68A6-4FDE-B116-71CA012B671E}.Release|Any CPU.Build.0 = Release|Any CPU
	EndGlobalSection
	GlobalSection(SolutionProperties) = preSolution
		HideSolutionNode = FALSE
	EndGlobalSection
	GlobalSection(ExtensibilityGlobals) = postSolution
		SolutionGuid = {B1F92772-E4AD-485F-9DED-7F125B75AB40}
	EndGlobalSection
EndGlobal
